// !$*UTF8*$!
{
	archiveVersion = 1;
	classes = {
	};
	objectVersion = 50;
	objects = {

/* Begin PBXBuildFile section */
		3F0B283D21153A920012FA94 /* AppDelegate.swift in Sources */ = {isa = PBXBuildFile; fileRef = 3F0B283C21153A920012FA94 /* AppDelegate.swift */; };
		3F0B283F21153A920012FA94 /* ViewController.swift in Sources */ = {isa = PBXBuildFile; fileRef = 3F0B283E21153A920012FA94 /* ViewController.swift */; };
		3F0B284221153A920012FA94 /* Main.storyboard in Resources */ = {isa = PBXBuildFile; fileRef = 3F0B284021153A920012FA94 /* Main.storyboard */; };
		3F0B284521153A920012FA94 /* Vital_Concern.xcdatamodeld in Sources */ = {isa = PBXBuildFile; fileRef = 3F0B284321153A920012FA94 /* Vital_Concern.xcdatamodeld */; };
		3F0B284721153A980012FA94 /* Assets.xcassets in Resources */ = {isa = PBXBuildFile; fileRef = 3F0B284621153A980012FA94 /* Assets.xcassets */; };
		3F0B284A21153A980012FA94 /* LaunchScreen.storyboard in Resources */ = {isa = PBXBuildFile; fileRef = 3F0B284821153A980012FA94 /* LaunchScreen.storyboard */; };
		3F0B285521153A980012FA94 /* Vital_ConcernTests.swift in Sources */ = {isa = PBXBuildFile; fileRef = 3F0B285421153A980012FA94 /* Vital_ConcernTests.swift */; };
		3F0B286021153A980012FA94 /* Vital_ConcernUITests.swift in Sources */ = {isa = PBXBuildFile; fileRef = 3F0B285F21153A980012FA94 /* Vital_ConcernUITests.swift */; };
		3F0B28C42125D7870012FA94 /* CheckBox.swift in Sources */ = {isa = PBXBuildFile; fileRef = 3F0B28C32125D7870012FA94 /* CheckBox.swift */; };
		3F955836212AF16700D75350 /* checked_checkbox.imageset in Resources */ = {isa = PBXBuildFile; fileRef = 3F955835212AF16700D75350 /* checked_checkbox.imageset */; };
		9200F1A12143E27600E77A34 /* LogOutViewController.swift in Sources */ = {isa = PBXBuildFile; fileRef = 9200F1A02143E27600E77A34 /* LogOutViewController.swift */; };
		921C631A214C20F100143EC0 /* HelpReqsTableViewController.swift in Sources */ = {isa = PBXBuildFile; fileRef = 921C6319214C20F100143EC0 /* HelpReqsTableViewController.swift */; };
		921C631C214C212F00143EC0 /* HelpReqsDetViewController.swift in Sources */ = {isa = PBXBuildFile; fileRef = 921C631B214C212F00143EC0 /* HelpReqsDetViewController.swift */; };
		921C631E214C216400143EC0 /* HelpReqsTableViewCell.swift in Sources */ = {isa = PBXBuildFile; fileRef = 921C631D214C216400143EC0 /* HelpReqsTableViewCell.swift */; };
		921C6320214C219D00143EC0 /* AnnounceTableViewCell.swift in Sources */ = {isa = PBXBuildFile; fileRef = 921C631F214C219D00143EC0 /* AnnounceTableViewCell.swift */; };
		921C6322214C21CD00143EC0 /* AnnounceTableViewController.swift in Sources */ = {isa = PBXBuildFile; fileRef = 921C6321214C21CD00143EC0 /* AnnounceTableViewController.swift */; };
		921C6324214C220900143EC0 /* AnnounceDetViewController.swift in Sources */ = {isa = PBXBuildFile; fileRef = 921C6323214C220900143EC0 /* AnnounceDetViewController.swift */; };
		922168F4214F065A008753A8 /* PrivacyPolicyViewController.swift in Sources */ = {isa = PBXBuildFile; fileRef = 922168F3214F065A008753A8 /* PrivacyPolicyViewController.swift */; };
		922168F8214F25B0008753A8 /* ForgotPasswordViewController.swift in Sources */ = {isa = PBXBuildFile; fileRef = 922168F7214F25B0008753A8 /* ForgotPasswordViewController.swift */; };
		9228094F215047130048E129 /* TryTheDemoViewController.swift in Sources */ = {isa = PBXBuildFile; fileRef = 9228094E215047130048E129 /* TryTheDemoViewController.swift */; };
		92331C8B21582B3500FBF73B /* ChangeSettingsViewController.swift in Sources */ = {isa = PBXBuildFile; fileRef = 92331C8A21582B3500FBF73B /* ChangeSettingsViewController.swift */; };
		9244F83C215716010057D855 /* ChangePasswordViewController.swift in Sources */ = {isa = PBXBuildFile; fileRef = 9244F83B215716010057D855 /* ChangePasswordViewController.swift */; };
		926AE96D2164400700F9BDED /* EditReqsTableViewController.swift in Sources */ = {isa = PBXBuildFile; fileRef = 926AE96C2164400700F9BDED /* EditReqsTableViewController.swift */; };
		926AE96F216447D300F9BDED /* EditReqsDetViewController.swift in Sources */ = {isa = PBXBuildFile; fileRef = 926AE96E216447D300F9BDED /* EditReqsDetViewController.swift */; };
		926AE9712164497D00F9BDED /* EditReqsTableViewCell.swift in Sources */ = {isa = PBXBuildFile; fileRef = 926AE9702164497D00F9BDED /* EditReqsTableViewCell.swift */; };
		92774E2321402A9100CBBC89 /* KeychainWrapper.swift in Sources */ = {isa = PBXBuildFile; fileRef = 92774E2221402A9100CBBC89 /* KeychainWrapper.swift */; };
		92774E2521402F8300CBBC89 /* KeychainItemAccessibility.swift in Sources */ = {isa = PBXBuildFile; fileRef = 92774E2421402F8300CBBC89 /* KeychainItemAccessibility.swift */; };
		927ED6F22138B939008BF3DE /* icons8-back-arrow-48.png in Resources */ = {isa = PBXBuildFile; fileRef = 927ED6F12138B939008BF3DE /* icons8-back-arrow-48.png */; };
		928ED2E5215F0CF300163607 /* PostRequestViewController.swift in Sources */ = {isa = PBXBuildFile; fileRef = 928ED2E4215F0CF300163607 /* PostRequestViewController.swift */; };
		92B308BB214BB2C600A5E996 /* PrayerListTableViewController.swift in Sources */ = {isa = PBXBuildFile; fileRef = 92B308BA214BB2C600A5E996 /* PrayerListTableViewController.swift */; };
		92B308BD214BCC4E00A5E996 /* PrayerListTableViewCell.swift in Sources */ = {isa = PBXBuildFile; fileRef = 92B308BC214BCC4E00A5E996 /* PrayerListTableViewCell.swift */; };
		92B308BF214BD32200A5E996 /* PrayerListDetViewController.swift in Sources */ = {isa = PBXBuildFile; fileRef = 92B308BE214BD32200A5E996 /* PrayerListDetViewController.swift */; };
		92DF7A362146894800CE56F5 /* AllReqsTableViewCell.swift in Sources */ = {isa = PBXBuildFile; fileRef = 92DF7A352146894800CE56F5 /* AllReqsTableViewCell.swift */; };
		92DF7A3821468DD100CE56F5 /* AllReqsDetViewController.swift in Sources */ = {isa = PBXBuildFile; fileRef = 92DF7A3721468DD100CE56F5 /* AllReqsDetViewController.swift */; };
		92EF141C2143555200BF780C /* AllRequestsViewController.swift in Sources */ = {isa = PBXBuildFile; fileRef = 92EF141B2143555200BF780C /* AllRequestsViewController.swift */; };
		92F78072213DC71C007C3AE6 /* LoginViewController.swift in Sources */ = {isa = PBXBuildFile; fileRef = 92F78071213DC71C007C3AE6 /* LoginViewController.swift */; };
		92F78074213DCC70007C3AE6 /* StartPageViewController.swift in Sources */ = {isa = PBXBuildFile; fileRef = 92F78073213DCC70007C3AE6 /* StartPageViewController.swift */; };
		92F8635321547AF800B5F361 /* SetUpNewChurchViewController.swift in Sources */ = {isa = PBXBuildFile; fileRef = 92F8635221547AF800B5F361 /* SetUpNewChurchViewController.swift */; };
		92FBCA98214FCF2C00976A17 /* TermsUseViewController.swift in Sources */ = {isa = PBXBuildFile; fileRef = 92FBCA97214FCF2C00976A17 /* TermsUseViewController.swift */; };
/* End PBXBuildFile section */

/* Begin PBXContainerItemProxy section */
		3F0B285121153A980012FA94 /* PBXContainerItemProxy */ = {
			isa = PBXContainerItemProxy;
			containerPortal = 3F0B283121153A920012FA94 /* Project object */;
			proxyType = 1;
			remoteGlobalIDString = 3F0B283821153A920012FA94;
			remoteInfo = "Vital Concern";
		};
		3F0B285C21153A980012FA94 /* PBXContainerItemProxy */ = {
			isa = PBXContainerItemProxy;
			containerPortal = 3F0B283121153A920012FA94 /* Project object */;
			proxyType = 1;
			remoteGlobalIDString = 3F0B283821153A920012FA94;
			remoteInfo = "Vital Concern";
		};
/* End PBXContainerItemProxy section */

/* Begin PBXFileReference section */
		3F0B283921153A920012FA94 /* Vital Concern.app */ = {isa = PBXFileReference; explicitFileType = wrapper.application; includeInIndex = 0; path = "Vital Concern.app"; sourceTree = BUILT_PRODUCTS_DIR; };
		3F0B283C21153A920012FA94 /* AppDelegate.swift */ = {isa = PBXFileReference; lastKnownFileType = sourcecode.swift; path = AppDelegate.swift; sourceTree = "<group>"; };
		3F0B283E21153A920012FA94 /* ViewController.swift */ = {isa = PBXFileReference; lastKnownFileType = sourcecode.swift; path = ViewController.swift; sourceTree = "<group>"; };
		3F0B284121153A920012FA94 /* Base */ = {isa = PBXFileReference; lastKnownFileType = file.storyboard; name = Base; path = Base.lproj/Main.storyboard; sourceTree = "<group>"; };
		3F0B284421153A920012FA94 /* Vital_Concern.xcdatamodel */ = {isa = PBXFileReference; lastKnownFileType = wrapper.xcdatamodel; path = Vital_Concern.xcdatamodel; sourceTree = "<group>"; };
		3F0B284621153A980012FA94 /* Assets.xcassets */ = {isa = PBXFileReference; lastKnownFileType = folder.assetcatalog; path = Assets.xcassets; sourceTree = "<group>"; };
		3F0B284921153A980012FA94 /* Base */ = {isa = PBXFileReference; lastKnownFileType = file.storyboard; name = Base; path = Base.lproj/LaunchScreen.storyboard; sourceTree = "<group>"; };
		3F0B284B21153A980012FA94 /* Info.plist */ = {isa = PBXFileReference; lastKnownFileType = text.plist.xml; path = Info.plist; sourceTree = "<group>"; };
		3F0B285021153A980012FA94 /* Vital ConcernTests.xctest */ = {isa = PBXFileReference; explicitFileType = wrapper.cfbundle; includeInIndex = 0; path = "Vital ConcernTests.xctest"; sourceTree = BUILT_PRODUCTS_DIR; };
		3F0B285421153A980012FA94 /* Vital_ConcernTests.swift */ = {isa = PBXFileReference; lastKnownFileType = sourcecode.swift; path = Vital_ConcernTests.swift; sourceTree = "<group>"; };
		3F0B285621153A980012FA94 /* Info.plist */ = {isa = PBXFileReference; lastKnownFileType = text.plist.xml; path = Info.plist; sourceTree = "<group>"; };
		3F0B285B21153A980012FA94 /* Vital ConcernUITests.xctest */ = {isa = PBXFileReference; explicitFileType = wrapper.cfbundle; includeInIndex = 0; path = "Vital ConcernUITests.xctest"; sourceTree = BUILT_PRODUCTS_DIR; };
		3F0B285F21153A980012FA94 /* Vital_ConcernUITests.swift */ = {isa = PBXFileReference; lastKnownFileType = sourcecode.swift; path = Vital_ConcernUITests.swift; sourceTree = "<group>"; };
		3F0B286121153A980012FA94 /* Info.plist */ = {isa = PBXFileReference; lastKnownFileType = text.plist.xml; path = Info.plist; sourceTree = "<group>"; };
		3F0B286E2115E13D0012FA94 /* en */ = {isa = PBXFileReference; lastKnownFileType = text.plist.strings; name = en; path = en.lproj/Main.strings; sourceTree = "<group>"; };
		3F0B28C32125D7870012FA94 /* CheckBox.swift */ = {isa = PBXFileReference; lastKnownFileType = sourcecode.swift; path = CheckBox.swift; sourceTree = "<group>"; };
		3F955835212AF16700D75350 /* checked_checkbox.imageset */ = {isa = PBXFileReference; lastKnownFileType = folder; name = checked_checkbox.imageset; path = Assets.xcassets/checked_checkbox.imageset; sourceTree = "<group>"; };
		9200F1A02143E27600E77A34 /* LogOutViewController.swift */ = {isa = PBXFileReference; lastKnownFileType = sourcecode.swift; path = LogOutViewController.swift; sourceTree = "<group>"; };
		921C6319214C20F100143EC0 /* HelpReqsTableViewController.swift */ = {isa = PBXFileReference; lastKnownFileType = sourcecode.swift; path = HelpReqsTableViewController.swift; sourceTree = "<group>"; };
		921C631B214C212F00143EC0 /* HelpReqsDetViewController.swift */ = {isa = PBXFileReference; lastKnownFileType = sourcecode.swift; path = HelpReqsDetViewController.swift; sourceTree = "<group>"; };
		921C631D214C216400143EC0 /* HelpReqsTableViewCell.swift */ = {isa = PBXFileReference; lastKnownFileType = sourcecode.swift; path = HelpReqsTableViewCell.swift; sourceTree = "<group>"; };
		921C631F214C219D00143EC0 /* AnnounceTableViewCell.swift */ = {isa = PBXFileReference; lastKnownFileType = sourcecode.swift; path = AnnounceTableViewCell.swift; sourceTree = "<group>"; };
		921C6321214C21CD00143EC0 /* AnnounceTableViewController.swift */ = {isa = PBXFileReference; lastKnownFileType = sourcecode.swift; path = AnnounceTableViewController.swift; sourceTree = "<group>"; };
		921C6323214C220900143EC0 /* AnnounceDetViewController.swift */ = {isa = PBXFileReference; lastKnownFileType = sourcecode.swift; path = AnnounceDetViewController.swift; sourceTree = "<group>"; };
		922168F3214F065A008753A8 /* PrivacyPolicyViewController.swift */ = {isa = PBXFileReference; lastKnownFileType = sourcecode.swift; path = PrivacyPolicyViewController.swift; sourceTree = "<group>"; };
		922168F7214F25B0008753A8 /* ForgotPasswordViewController.swift */ = {isa = PBXFileReference; lastKnownFileType = sourcecode.swift; path = ForgotPasswordViewController.swift; sourceTree = "<group>"; };
		9228094E215047130048E129 /* TryTheDemoViewController.swift */ = {isa = PBXFileReference; lastKnownFileType = sourcecode.swift; path = TryTheDemoViewController.swift; sourceTree = "<group>"; };
		92331C8A21582B3500FBF73B /* ChangeSettingsViewController.swift */ = {isa = PBXFileReference; lastKnownFileType = sourcecode.swift; path = ChangeSettingsViewController.swift; sourceTree = "<group>"; };
		9244F83B215716010057D855 /* ChangePasswordViewController.swift */ = {isa = PBXFileReference; lastKnownFileType = sourcecode.swift; path = ChangePasswordViewController.swift; sourceTree = "<group>"; };
		926AE96C2164400700F9BDED /* EditReqsTableViewController.swift */ = {isa = PBXFileReference; lastKnownFileType = sourcecode.swift; path = EditReqsTableViewController.swift; sourceTree = "<group>"; };
		926AE96E216447D300F9BDED /* EditReqsDetViewController.swift */ = {isa = PBXFileReference; lastKnownFileType = sourcecode.swift; path = EditReqsDetViewController.swift; sourceTree = "<group>"; };
		926AE9702164497D00F9BDED /* EditReqsTableViewCell.swift */ = {isa = PBXFileReference; lastKnownFileType = sourcecode.swift; path = EditReqsTableViewCell.swift; sourceTree = "<group>"; };
		92774E2221402A9100CBBC89 /* KeychainWrapper.swift */ = {isa = PBXFileReference; lastKnownFileType = sourcecode.swift; path = KeychainWrapper.swift; sourceTree = "<group>"; };
		92774E2421402F8300CBBC89 /* KeychainItemAccessibility.swift */ = {isa = PBXFileReference; lastKnownFileType = sourcecode.swift; path = KeychainItemAccessibility.swift; sourceTree = "<group>"; };
		927ED6F12138B939008BF3DE /* icons8-back-arrow-48.png */ = {isa = PBXFileReference; lastKnownFileType = image.png; name = "icons8-back-arrow-48.png"; path = "../../../Downloads/icons8-back-arrow-48.png"; sourceTree = "<group>"; };
		928ED2E4215F0CF300163607 /* PostRequestViewController.swift */ = {isa = PBXFileReference; lastKnownFileType = sourcecode.swift; path = PostRequestViewController.swift; sourceTree = "<group>"; };
		92B308BA214BB2C600A5E996 /* PrayerListTableViewController.swift */ = {isa = PBXFileReference; lastKnownFileType = sourcecode.swift; path = PrayerListTableViewController.swift; sourceTree = "<group>"; };
		92B308BC214BCC4E00A5E996 /* PrayerListTableViewCell.swift */ = {isa = PBXFileReference; lastKnownFileType = sourcecode.swift; path = PrayerListTableViewCell.swift; sourceTree = "<group>"; };
		92B308BE214BD32200A5E996 /* PrayerListDetViewController.swift */ = {isa = PBXFileReference; lastKnownFileType = sourcecode.swift; path = PrayerListDetViewController.swift; sourceTree = "<group>"; };
		92DF7A352146894800CE56F5 /* AllReqsTableViewCell.swift */ = {isa = PBXFileReference; lastKnownFileType = sourcecode.swift; path = AllReqsTableViewCell.swift; sourceTree = "<group>"; };
		92DF7A3721468DD100CE56F5 /* AllReqsDetViewController.swift */ = {isa = PBXFileReference; lastKnownFileType = sourcecode.swift; path = AllReqsDetViewController.swift; sourceTree = "<group>"; };
		92EF141B2143555200BF780C /* AllRequestsViewController.swift */ = {isa = PBXFileReference; lastKnownFileType = sourcecode.swift; path = AllRequestsViewController.swift; sourceTree = "<group>"; };
		92F78071213DC71C007C3AE6 /* LoginViewController.swift */ = {isa = PBXFileReference; lastKnownFileType = sourcecode.swift; path = LoginViewController.swift; sourceTree = "<group>"; };
		92F78073213DCC70007C3AE6 /* StartPageViewController.swift */ = {isa = PBXFileReference; lastKnownFileType = sourcecode.swift; path = StartPageViewController.swift; sourceTree = "<group>"; };
		92F8635221547AF800B5F361 /* SetUpNewChurchViewController.swift */ = {isa = PBXFileReference; lastKnownFileType = sourcecode.swift; path = SetUpNewChurchViewController.swift; sourceTree = "<group>"; };
		92FBCA97214FCF2C00976A17 /* TermsUseViewController.swift */ = {isa = PBXFileReference; lastKnownFileType = sourcecode.swift; path = TermsUseViewController.swift; sourceTree = "<group>"; };
/* End PBXFileReference section */

/* Begin PBXFrameworksBuildPhase section */
		3F0B283621153A920012FA94 /* Frameworks */ = {
			isa = PBXFrameworksBuildPhase;
			buildActionMask = 2147483647;
			files = (
			);
			runOnlyForDeploymentPostprocessing = 0;
		};
		3F0B284D21153A980012FA94 /* Frameworks */ = {
			isa = PBXFrameworksBuildPhase;
			buildActionMask = 2147483647;
			files = (
			);
			runOnlyForDeploymentPostprocessing = 0;
		};
		3F0B285821153A980012FA94 /* Frameworks */ = {
			isa = PBXFrameworksBuildPhase;
			buildActionMask = 2147483647;
			files = (
			);
			runOnlyForDeploymentPostprocessing = 0;
		};
/* End PBXFrameworksBuildPhase section */

/* Begin PBXGroup section */
		3F0B283021153A920012FA94 = {
			isa = PBXGroup;
			children = (
				3F0B283B21153A920012FA94 /* Vital Concern */,
				3F0B285321153A980012FA94 /* Vital ConcernTests */,
				3F0B285E21153A980012FA94 /* Vital ConcernUITests */,
				3F0B283A21153A920012FA94 /* Products */,
			);
			sourceTree = "<group>";
		};
		3F0B283A21153A920012FA94 /* Products */ = {
			isa = PBXGroup;
			children = (
				3F0B283921153A920012FA94 /* Vital Concern.app */,
				3F0B285021153A980012FA94 /* Vital ConcernTests.xctest */,
				3F0B285B21153A980012FA94 /* Vital ConcernUITests.xctest */,
			);
			name = Products;
			sourceTree = "<group>";
		};
		3F0B283B21153A920012FA94 /* Vital Concern */ = {
			isa = PBXGroup;
			children = (
				3F0B283C21153A920012FA94 /* AppDelegate.swift */,
				3F0B283E21153A920012FA94 /* ViewController.swift */,
				3F0B28C32125D7870012FA94 /* CheckBox.swift */,
				3F0B284021153A920012FA94 /* Main.storyboard */,
				3F0B284621153A980012FA94 /* Assets.xcassets */,
				927ED6F12138B939008BF3DE /* icons8-back-arrow-48.png */,
				3F955835212AF16700D75350 /* checked_checkbox.imageset */,
				3F0B284821153A980012FA94 /* LaunchScreen.storyboard */,
				3F0B284B21153A980012FA94 /* Info.plist */,
				3F0B284321153A920012FA94 /* Vital_Concern.xcdatamodeld */,
				92F78071213DC71C007C3AE6 /* LoginViewController.swift */,
				92F78073213DCC70007C3AE6 /* StartPageViewController.swift */,
				92774E2221402A9100CBBC89 /* KeychainWrapper.swift */,
				92774E2421402F8300CBBC89 /* KeychainItemAccessibility.swift */,
				92EF141B2143555200BF780C /* AllRequestsViewController.swift */,
				9200F1A02143E27600E77A34 /* LogOutViewController.swift */,
				92DF7A352146894800CE56F5 /* AllReqsTableViewCell.swift */,
				92DF7A3721468DD100CE56F5 /* AllReqsDetViewController.swift */,
				92B308BA214BB2C600A5E996 /* PrayerListTableViewController.swift */,
				92B308BC214BCC4E00A5E996 /* PrayerListTableViewCell.swift */,
				92B308BE214BD32200A5E996 /* PrayerListDetViewController.swift */,
				921C6319214C20F100143EC0 /* HelpReqsTableViewController.swift */,
				921C631B214C212F00143EC0 /* HelpReqsDetViewController.swift */,
				921C631D214C216400143EC0 /* HelpReqsTableViewCell.swift */,
				921C631F214C219D00143EC0 /* AnnounceTableViewCell.swift */,
				921C6321214C21CD00143EC0 /* AnnounceTableViewController.swift */,
				921C6323214C220900143EC0 /* AnnounceDetViewController.swift */,
				922168F3214F065A008753A8 /* PrivacyPolicyViewController.swift */,
				922168F7214F25B0008753A8 /* ForgotPasswordViewController.swift */,
				92FBCA97214FCF2C00976A17 /* TermsUseViewController.swift */,
				9228094E215047130048E129 /* TryTheDemoViewController.swift */,
				92F8635221547AF800B5F361 /* SetUpNewChurchViewController.swift */,
				9244F83B215716010057D855 /* ChangePasswordViewController.swift */,
				92331C8A21582B3500FBF73B /* ChangeSettingsViewController.swift */,
				928ED2E4215F0CF300163607 /* PostRequestViewController.swift */,
				926AE96C2164400700F9BDED /* EditReqsTableViewController.swift */,
				926AE96E216447D300F9BDED /* EditReqsDetViewController.swift */,
				926AE9702164497D00F9BDED /* EditReqsTableViewCell.swift */,
			);
			path = "Vital Concern";
			sourceTree = "<group>";
		};
		3F0B285321153A980012FA94 /* Vital ConcernTests */ = {
			isa = PBXGroup;
			children = (
				3F0B285421153A980012FA94 /* Vital_ConcernTests.swift */,
				3F0B285621153A980012FA94 /* Info.plist */,
			);
			path = "Vital ConcernTests";
			sourceTree = "<group>";
		};
		3F0B285E21153A980012FA94 /* Vital ConcernUITests */ = {
			isa = PBXGroup;
			children = (
				3F0B285F21153A980012FA94 /* Vital_ConcernUITests.swift */,
				3F0B286121153A980012FA94 /* Info.plist */,
			);
			path = "Vital ConcernUITests";
			sourceTree = "<group>";
		};
/* End PBXGroup section */

/* Begin PBXNativeTarget section */
		3F0B283821153A920012FA94 /* Vital Concern */ = {
			isa = PBXNativeTarget;
			buildConfigurationList = 3F0B286421153A980012FA94 /* Build configuration list for PBXNativeTarget "Vital Concern" */;
			buildPhases = (
				3F0B283521153A920012FA94 /* Sources */,
				3F0B283621153A920012FA94 /* Frameworks */,
				3F0B283721153A920012FA94 /* Resources */,
			);
			buildRules = (
			);
			dependencies = (
			);
			name = "Vital Concern";
			productName = "Vital Concern";
			productReference = 3F0B283921153A920012FA94 /* Vital Concern.app */;
			productType = "com.apple.product-type.application";
		};
		3F0B284F21153A980012FA94 /* Vital ConcernTests */ = {
			isa = PBXNativeTarget;
			buildConfigurationList = 3F0B286721153A980012FA94 /* Build configuration list for PBXNativeTarget "Vital ConcernTests" */;
			buildPhases = (
				3F0B284C21153A980012FA94 /* Sources */,
				3F0B284D21153A980012FA94 /* Frameworks */,
				3F0B284E21153A980012FA94 /* Resources */,
			);
			buildRules = (
			);
			dependencies = (
				3F0B285221153A980012FA94 /* PBXTargetDependency */,
			);
			name = "Vital ConcernTests";
			productName = "Vital ConcernTests";
			productReference = 3F0B285021153A980012FA94 /* Vital ConcernTests.xctest */;
			productType = "com.apple.product-type.bundle.unit-test";
		};
		3F0B285A21153A980012FA94 /* Vital ConcernUITests */ = {
			isa = PBXNativeTarget;
			buildConfigurationList = 3F0B286A21153A980012FA94 /* Build configuration list for PBXNativeTarget "Vital ConcernUITests" */;
			buildPhases = (
				3F0B285721153A980012FA94 /* Sources */,
				3F0B285821153A980012FA94 /* Frameworks */,
				3F0B285921153A980012FA94 /* Resources */,
			);
			buildRules = (
			);
			dependencies = (
				3F0B285D21153A980012FA94 /* PBXTargetDependency */,
			);
			name = "Vital ConcernUITests";
			productName = "Vital ConcernUITests";
			productReference = 3F0B285B21153A980012FA94 /* Vital ConcernUITests.xctest */;
			productType = "com.apple.product-type.bundle.ui-testing";
		};
/* End PBXNativeTarget section */

/* Begin PBXProject section */
		3F0B283121153A920012FA94 /* Project object */ = {
			isa = PBXProject;
			attributes = {
				LastSwiftUpdateCheck = 0940;
				LastUpgradeCheck = 0940;
				ORGANIZATIONNAME = "Vital Concern";
				TargetAttributes = {
					3F0B283821153A920012FA94 = {
						CreatedOnToolsVersion = 9.4.1;
					};
					3F0B284F21153A980012FA94 = {
						CreatedOnToolsVersion = 9.4.1;
						TestTargetID = 3F0B283821153A920012FA94;
					};
					3F0B285A21153A980012FA94 = {
						CreatedOnToolsVersion = 9.4.1;
						TestTargetID = 3F0B283821153A920012FA94;
					};
				};
			};
			buildConfigurationList = 3F0B283421153A920012FA94 /* Build configuration list for PBXProject "Vital Concern" */;
			compatibilityVersion = "Xcode 9.3";
			developmentRegion = en;
			hasScannedForEncodings = 0;
			knownRegions = (
				en,
				Base,
			);
			mainGroup = 3F0B283021153A920012FA94;
			productRefGroup = 3F0B283A21153A920012FA94 /* Products */;
			projectDirPath = "";
			projectRoot = "";
			targets = (
				3F0B283821153A920012FA94 /* Vital Concern */,
				3F0B284F21153A980012FA94 /* Vital ConcernTests */,
				3F0B285A21153A980012FA94 /* Vital ConcernUITests */,
			);
		};
/* End PBXProject section */

/* Begin PBXResourcesBuildPhase section */
		3F0B283721153A920012FA94 /* Resources */ = {
			isa = PBXResourcesBuildPhase;
			buildActionMask = 2147483647;
			files = (
				3F0B284A21153A980012FA94 /* LaunchScreen.storyboard in Resources */,
				3F0B284721153A980012FA94 /* Assets.xcassets in Resources */,
				3F0B284221153A920012FA94 /* Main.storyboard in Resources */,
				927ED6F22138B939008BF3DE /* icons8-back-arrow-48.png in Resources */,
				3F955836212AF16700D75350 /* checked_checkbox.imageset in Resources */,
			);
			runOnlyForDeploymentPostprocessing = 0;
		};
		3F0B284E21153A980012FA94 /* Resources */ = {
			isa = PBXResourcesBuildPhase;
			buildActionMask = 2147483647;
			files = (
			);
			runOnlyForDeploymentPostprocessing = 0;
		};
		3F0B285921153A980012FA94 /* Resources */ = {
			isa = PBXResourcesBuildPhase;
			buildActionMask = 2147483647;
			files = (
			);
			runOnlyForDeploymentPostprocessing = 0;
		};
/* End PBXResourcesBuildPhase section */

/* Begin PBXSourcesBuildPhase section */
		3F0B283521153A920012FA94 /* Sources */ = {
			isa = PBXSourcesBuildPhase;
			buildActionMask = 2147483647;
			files = (
				928ED2E5215F0CF300163607 /* PostRequestViewController.swift in Sources */,
				92EF141C2143555200BF780C /* AllRequestsViewController.swift in Sources */,
				926AE96F216447D300F9BDED /* EditReqsDetViewController.swift in Sources */,
				922168F4214F065A008753A8 /* PrivacyPolicyViewController.swift in Sources */,
				3F0B28C42125D7870012FA94 /* CheckBox.swift in Sources */,
				9228094F215047130048E129 /* TryTheDemoViewController.swift in Sources */,
				921C6322214C21CD00143EC0 /* AnnounceTableViewController.swift in Sources */,
				3F0B283F21153A920012FA94 /* ViewController.swift in Sources */,
				92DF7A362146894800CE56F5 /* AllReqsTableViewCell.swift in Sources */,
				921C6324214C220900143EC0 /* AnnounceDetViewController.swift in Sources */,
				3F0B284521153A920012FA94 /* Vital_Concern.xcdatamodeld in Sources */,
				922168F8214F25B0008753A8 /* ForgotPasswordViewController.swift in Sources */,
				921C631A214C20F100143EC0 /* HelpReqsTableViewController.swift in Sources */,
				92B308BB214BB2C600A5E996 /* PrayerListTableViewController.swift in Sources */,
				9244F83C215716010057D855 /* ChangePasswordViewController.swift in Sources */,
				921C6320214C219D00143EC0 /* AnnounceTableViewCell.swift in Sources */,
				92B308BF214BD32200A5E996 /* PrayerListDetViewController.swift in Sources */,
				92331C8B21582B3500FBF73B /* ChangeSettingsViewController.swift in Sources */,
				921C631C214C212F00143EC0 /* HelpReqsDetViewController.swift in Sources */,
				926AE96D2164400700F9BDED /* EditReqsTableViewController.swift in Sources */,
				92774E2321402A9100CBBC89 /* KeychainWrapper.swift in Sources */,
				92F78072213DC71C007C3AE6 /* LoginViewController.swift in Sources */,
				92B308BD214BCC4E00A5E996 /* PrayerListTableViewCell.swift in Sources */,
				92774E2521402F8300CBBC89 /* KeychainItemAccessibility.swift in Sources */,
				92FBCA98214FCF2C00976A17 /* TermsUseViewController.swift in Sources */,
				92F78074213DCC70007C3AE6 /* StartPageViewController.swift in Sources */,
				926AE9712164497D00F9BDED /* EditReqsTableViewCell.swift in Sources */,
				92DF7A3821468DD100CE56F5 /* AllReqsDetViewController.swift in Sources */,
				921C631E214C216400143EC0 /* HelpReqsTableViewCell.swift in Sources */,
				9200F1A12143E27600E77A34 /* LogOutViewController.swift in Sources */,
				92F8635321547AF800B5F361 /* SetUpNewChurchViewController.swift in Sources */,
				3F0B283D21153A920012FA94 /* AppDelegate.swift in Sources */,
			);
			runOnlyForDeploymentPostprocessing = 0;
		};
		3F0B284C21153A980012FA94 /* Sources */ = {
			isa = PBXSourcesBuildPhase;
			buildActionMask = 2147483647;
			files = (
				3F0B285521153A980012FA94 /* Vital_ConcernTests.swift in Sources */,
			);
			runOnlyForDeploymentPostprocessing = 0;
		};
		3F0B285721153A980012FA94 /* Sources */ = {
			isa = PBXSourcesBuildPhase;
			buildActionMask = 2147483647;
			files = (
				3F0B286021153A980012FA94 /* Vital_ConcernUITests.swift in Sources */,
			);
			runOnlyForDeploymentPostprocessing = 0;
		};
/* End PBXSourcesBuildPhase section */

/* Begin PBXTargetDependency section */
		3F0B285221153A980012FA94 /* PBXTargetDependency */ = {
			isa = PBXTargetDependency;
			target = 3F0B283821153A920012FA94 /* Vital Concern */;
			targetProxy = 3F0B285121153A980012FA94 /* PBXContainerItemProxy */;
		};
		3F0B285D21153A980012FA94 /* PBXTargetDependency */ = {
			isa = PBXTargetDependency;
			target = 3F0B283821153A920012FA94 /* Vital Concern */;
			targetProxy = 3F0B285C21153A980012FA94 /* PBXContainerItemProxy */;
		};
/* End PBXTargetDependency section */

/* Begin PBXVariantGroup section */
		3F0B284021153A920012FA94 /* Main.storyboard */ = {
			isa = PBXVariantGroup;
			children = (
				3F0B284121153A920012FA94 /* Base */,
				3F0B286E2115E13D0012FA94 /* en */,
			);
			name = Main.storyboard;
			sourceTree = "<group>";
		};
		3F0B284821153A980012FA94 /* LaunchScreen.storyboard */ = {
			isa = PBXVariantGroup;
			children = (
				3F0B284921153A980012FA94 /* Base */,
			);
			name = LaunchScreen.storyboard;
			sourceTree = "<group>";
		};
/* End PBXVariantGroup section */

/* Begin XCBuildConfiguration section */
		3F0B286221153A980012FA94 /* Debug */ = {
			isa = XCBuildConfiguration;
			buildSettings = {
				ALWAYS_SEARCH_USER_PATHS = NO;
				CLANG_ANALYZER_NONNULL = YES;
				CLANG_ANALYZER_NUMBER_OBJECT_CONVERSION = YES_AGGRESSIVE;
				CLANG_CXX_LANGUAGE_STANDARD = "gnu++14";
				CLANG_CXX_LIBRARY = "libc++";
				CLANG_ENABLE_MODULES = YES;
				CLANG_ENABLE_OBJC_ARC = YES;
				CLANG_ENABLE_OBJC_WEAK = YES;
				CLANG_WARN_BLOCK_CAPTURE_AUTORELEASING = YES;
				CLANG_WARN_BOOL_CONVERSION = YES;
				CLANG_WARN_COMMA = YES;
				CLANG_WARN_CONSTANT_CONVERSION = YES;
				CLANG_WARN_DEPRECATED_OBJC_IMPLEMENTATIONS = YES;
				CLANG_WARN_DIRECT_OBJC_ISA_USAGE = YES_ERROR;
				CLANG_WARN_DOCUMENTATION_COMMENTS = YES;
				CLANG_WARN_EMPTY_BODY = YES;
				CLANG_WARN_ENUM_CONVERSION = YES;
				CLANG_WARN_INFINITE_RECURSION = YES;
				CLANG_WARN_INT_CONVERSION = YES;
				CLANG_WARN_NON_LITERAL_NULL_CONVERSION = YES;
				CLANG_WARN_OBJC_IMPLICIT_RETAIN_SELF = YES;
				CLANG_WARN_OBJC_LITERAL_CONVERSION = YES;
				CLANG_WARN_OBJC_ROOT_CLASS = YES_ERROR;
				CLANG_WARN_RANGE_LOOP_ANALYSIS = YES;
				CLANG_WARN_STRICT_PROTOTYPES = YES;
				CLANG_WARN_SUSPICIOUS_MOVE = YES;
				CLANG_WARN_UNGUARDED_AVAILABILITY = YES_AGGRESSIVE;
				CLANG_WARN_UNREACHABLE_CODE = YES;
				CLANG_WARN__DUPLICATE_METHOD_MATCH = YES;
				CODE_SIGN_IDENTITY = "iPhone Developer";
				COPY_PHASE_STRIP = NO;
				DEBUG_INFORMATION_FORMAT = dwarf;
				ENABLE_STRICT_OBJC_MSGSEND = YES;
				ENABLE_TESTABILITY = YES;
				GCC_C_LANGUAGE_STANDARD = gnu11;
				GCC_DYNAMIC_NO_PIC = NO;
				GCC_NO_COMMON_BLOCKS = YES;
				GCC_OPTIMIZATION_LEVEL = 0;
				GCC_PREPROCESSOR_DEFINITIONS = (
					"DEBUG=1",
					"$(inherited)",
				);
				GCC_WARN_64_TO_32_BIT_CONVERSION = YES;
				GCC_WARN_ABOUT_RETURN_TYPE = YES_ERROR;
				GCC_WARN_UNDECLARED_SELECTOR = YES;
				GCC_WARN_UNINITIALIZED_AUTOS = YES_AGGRESSIVE;
				GCC_WARN_UNUSED_FUNCTION = YES;
				GCC_WARN_UNUSED_VARIABLE = YES;
				IPHONEOS_DEPLOYMENT_TARGET = 11.4;
				MTL_ENABLE_DEBUG_INFO = YES;
				ONLY_ACTIVE_ARCH = YES;
				SDKROOT = iphoneos;
				SWIFT_ACTIVE_COMPILATION_CONDITIONS = DEBUG;
				SWIFT_OPTIMIZATION_LEVEL = "-Onone";
			};
			name = Debug;
		};
		3F0B286321153A980012FA94 /* Release */ = {
			isa = XCBuildConfiguration;
			buildSettings = {
				ALWAYS_SEARCH_USER_PATHS = NO;
				CLANG_ANALYZER_NONNULL = YES;
				CLANG_ANALYZER_NUMBER_OBJECT_CONVERSION = YES_AGGRESSIVE;
				CLANG_CXX_LANGUAGE_STANDARD = "gnu++14";
				CLANG_CXX_LIBRARY = "libc++";
				CLANG_ENABLE_MODULES = YES;
				CLANG_ENABLE_OBJC_ARC = YES;
				CLANG_ENABLE_OBJC_WEAK = YES;
				CLANG_WARN_BLOCK_CAPTURE_AUTORELEASING = YES;
				CLANG_WARN_BOOL_CONVERSION = YES;
				CLANG_WARN_COMMA = YES;
				CLANG_WARN_CONSTANT_CONVERSION = YES;
				CLANG_WARN_DEPRECATED_OBJC_IMPLEMENTATIONS = YES;
				CLANG_WARN_DIRECT_OBJC_ISA_USAGE = YES_ERROR;
				CLANG_WARN_DOCUMENTATION_COMMENTS = YES;
				CLANG_WARN_EMPTY_BODY = YES;
				CLANG_WARN_ENUM_CONVERSION = YES;
				CLANG_WARN_INFINITE_RECURSION = YES;
				CLANG_WARN_INT_CONVERSION = YES;
				CLANG_WARN_NON_LITERAL_NULL_CONVERSION = YES;
				CLANG_WARN_OBJC_IMPLICIT_RETAIN_SELF = YES;
				CLANG_WARN_OBJC_LITERAL_CONVERSION = YES;
				CLANG_WARN_OBJC_ROOT_CLASS = YES_ERROR;
				CLANG_WARN_RANGE_LOOP_ANALYSIS = YES;
				CLANG_WARN_STRICT_PROTOTYPES = YES;
				CLANG_WARN_SUSPICIOUS_MOVE = YES;
				CLANG_WARN_UNGUARDED_AVAILABILITY = YES_AGGRESSIVE;
				CLANG_WARN_UNREACHABLE_CODE = YES;
				CLANG_WARN__DUPLICATE_METHOD_MATCH = YES;
				CODE_SIGN_IDENTITY = "iPhone Developer";
				COPY_PHASE_STRIP = NO;
				DEBUG_INFORMATION_FORMAT = "dwarf-with-dsym";
				ENABLE_NS_ASSERTIONS = NO;
				ENABLE_STRICT_OBJC_MSGSEND = YES;
				GCC_C_LANGUAGE_STANDARD = gnu11;
				GCC_NO_COMMON_BLOCKS = YES;
				GCC_WARN_64_TO_32_BIT_CONVERSION = YES;
				GCC_WARN_ABOUT_RETURN_TYPE = YES_ERROR;
				GCC_WARN_UNDECLARED_SELECTOR = YES;
				GCC_WARN_UNINITIALIZED_AUTOS = YES_AGGRESSIVE;
				GCC_WARN_UNUSED_FUNCTION = YES;
				GCC_WARN_UNUSED_VARIABLE = YES;
				IPHONEOS_DEPLOYMENT_TARGET = 11.4;
				MTL_ENABLE_DEBUG_INFO = NO;
				SDKROOT = iphoneos;
				SWIFT_COMPILATION_MODE = wholemodule;
				SWIFT_OPTIMIZATION_LEVEL = "-O";
				VALIDATE_PRODUCT = YES;
			};
			name = Release;
		};
		3F0B286521153A980012FA94 /* Debug */ = {
			isa = XCBuildConfiguration;
			buildSettings = {
				ASSETCATALOG_COMPILER_APPICON_NAME = AppIcon;
				CODE_SIGN_STYLE = Automatic;
				DEVELOPMENT_TEAM = T472CJ32AF;
				INFOPLIST_FILE = "Vital Concern/Info.plist";
				LD_RUNPATH_SEARCH_PATHS = (
					"$(inherited)",
					"@executable_path/Frameworks",
				);
				PRODUCT_BUNDLE_IDENTIFIER = "ChurchNetwork.Vital-Concern";
				PRODUCT_NAME = "$(TARGET_NAME)";
				SWIFT_VERSION = 4.0;
				TARGETED_DEVICE_FAMILY = "1,2";
			};
			name = Debug;
		};
		3F0B286621153A980012FA94 /* Release */ = {
			isa = XCBuildConfiguration;
			buildSettings = {
				ASSETCATALOG_COMPILER_APPICON_NAME = AppIcon;
				CODE_SIGN_STYLE = Automatic;
				DEVELOPMENT_TEAM = T472CJ32AF;
				INFOPLIST_FILE = "Vital Concern/Info.plist";
				LD_RUNPATH_SEARCH_PATHS = (
					"$(inherited)",
					"@executable_path/Frameworks",
				);
				PRODUCT_BUNDLE_IDENTIFIER = "ChurchNetwork.Vital-Concern";
				PRODUCT_NAME = "$(TARGET_NAME)";
				SWIFT_VERSION = 4.0;
				TARGETED_DEVICE_FAMILY = "1,2";
			};
			name = Release;
		};
		3F0B286821153A980012FA94 /* Debug */ = {
			isa = XCBuildConfiguration;
			buildSettings = {
				ALWAYS_EMBED_SWIFT_STANDARD_LIBRARIES = YES;
				BUNDLE_LOADER = "$(TEST_HOST)";
				CODE_SIGN_STYLE = Automatic;
				INFOPLIST_FILE = "Vital ConcernTests/Info.plist";
				LD_RUNPATH_SEARCH_PATHS = (
					"$(inherited)",
					"@executable_path/Frameworks",
					"@loader_path/Frameworks",
				);
				PRODUCT_BUNDLE_IDENTIFIER = "ChurchNetwork.Vital-ConcernTests";
				PRODUCT_NAME = "$(TARGET_NAME)";
				SWIFT_VERSION = 4.0;
				TARGETED_DEVICE_FAMILY = "1,2";
				TEST_HOST = "$(BUILT_PRODUCTS_DIR)/Vital Concern.app/Vital Concern";
			};
			name = Debug;
		};
		3F0B286921153A980012FA94 /* Release */ = {
			isa = XCBuildConfiguration;
			buildSettings = {
				ALWAYS_EMBED_SWIFT_STANDARD_LIBRARIES = YES;
				BUNDLE_LOADER = "$(TEST_HOST)";
				CODE_SIGN_STYLE = Automatic;
				INFOPLIST_FILE = "Vital ConcernTests/Info.plist";
				LD_RUNPATH_SEARCH_PATHS = (
					"$(inherited)",
					"@executable_path/Frameworks",
					"@loader_path/Frameworks",
				);
				PRODUCT_BUNDLE_IDENTIFIER = "ChurchNetwork.Vital-ConcernTests";
				PRODUCT_NAME = "$(TARGET_NAME)";
				SWIFT_VERSION = 4.0;
				TARGETED_DEVICE_FAMILY = "1,2";
				TEST_HOST = "$(BUILT_PRODUCTS_DIR)/Vital Concern.app/Vital Concern";
			};
			name = Release;
		};
		3F0B286B21153A980012FA94 /* Debug */ = {
			isa = XCBuildConfiguration;
			buildSettings = {
				ALWAYS_EMBED_SWIFT_STANDARD_LIBRARIES = YES;
				CODE_SIGN_STYLE = Automatic;
				INFOPLIST_FILE = "Vital ConcernUITests/Info.plist";
				LD_RUNPATH_SEARCH_PATHS = (
					"$(inherited)",
					"@executable_path/Frameworks",
					"@loader_path/Frameworks",
				);
				PRODUCT_BUNDLE_IDENTIFIER = "ChurchNetwork.Vital-ConcernUITests";
				PRODUCT_NAME = "$(TARGET_NAME)";
				SWIFT_VERSION = 4.0;
				TARGETED_DEVICE_FAMILY = "1,2";
				TEST_TARGET_NAME = "Vital Concern";
			};
			name = Debug;
		};
		3F0B286C21153A980012FA94 /* Release */ = {
			isa = XCBuildConfiguration;
			buildSettings = {
				ALWAYS_EMBED_SWIFT_STANDARD_LIBRARIES = YES;
				CODE_SIGN_STYLE = Automatic;
				INFOPLIST_FILE = "Vital ConcernUITests/Info.plist";
				LD_RUNPATH_SEARCH_PATHS = (
					"$(inherited)",
					"@executable_path/Frameworks",
					"@loader_path/Frameworks",
				);
				PRODUCT_BUNDLE_IDENTIFIER = "ChurchNetwork.Vital-ConcernUITests";
				PRODUCT_NAME = "$(TARGET_NAME)";
				SWIFT_VERSION = 4.0;
				TARGETED_DEVICE_FAMILY = "1,2";
				TEST_TARGET_NAME = "Vital Concern";
			};
			name = Release;
		};
/* End XCBuildConfiguration section */

/* Begin XCConfigurationList section */
		3F0B283421153A920012FA94 /* Build configuration list for PBXProject "Vital Concern" */ = {
			isa = XCConfigurationList;
			buildConfigurations = (
				3F0B286221153A980012FA94 /* Debug */,
				3F0B286321153A980012FA94 /* Release */,
			);
			defaultConfigurationIsVisible = 0;
			defaultConfigurationName = Release;
		};
		3F0B286421153A980012FA94 /* Build configuration list for PBXNativeTarget "Vital Concern" */ = {
			isa = XCConfigurationList;
			buildConfigurations = (
				3F0B286521153A980012FA94 /* Debug */,
				3F0B286621153A980012FA94 /* Release */,
			);
			defaultConfigurationIsVisible = 0;
			defaultConfigurationName = Release;
		};
		3F0B286721153A980012FA94 /* Build configuration list for PBXNativeTarget "Vital ConcernTests" */ = {
			isa = XCConfigurationList;
			buildConfigurations = (
				3F0B286821153A980012FA94 /* Debug */,
				3F0B286921153A980012FA94 /* Release */,
			);
			defaultConfigurationIsVisible = 0;
			defaultConfigurationName = Release;
		};
		3F0B286A21153A980012FA94 /* Build configuration list for PBXNativeTarget "Vital ConcernUITests" */ = {
			isa = XCConfigurationList;
			buildConfigurations = (
				3F0B286B21153A980012FA94 /* Debug */,
				3F0B286C21153A980012FA94 /* Release */,
			);
			defaultConfigurationIsVisible = 0;
			defaultConfigurationName = Release;
		};
/* End XCConfigurationList section */

/* Begin XCVersionGroup section */
		3F0B284321153A920012FA94 /* Vital_Concern.xcdatamodeld */ = {
			isa = XCVersionGroup;
			children = (
				3F0B284421153A920012FA94 /* Vital_Concern.xcdatamodel */,
			);
			currentVersion = 3F0B284421153A920012FA94 /* Vital_Concern.xcdatamodel */;
			path = Vital_Concern.xcdatamodeld;
			sourceTree = "<group>";
			versionGroupType = wrapper.xcdatamodel;
		};
/* End XCVersionGroup section */
	};
	rootObject = 3F0B283121153A920012FA94 /* Project object */;
}
